// !$*UTF8*$!
{
	archiveVersion = 1;
	classes = {
	};
	objectVersion = 46;
	objects = {

/* Begin PBXBuildFile section */
		EFF449B61C60F214006CA92E /* AppDelegate.swift in Sources */ = {isa = PBXBuildFile; fileRef = EFF449B51C60F214006CA92E /* AppDelegate.swift */; };
		EFF449B81C60F214006CA92E /* ViewController.swift in Sources */ = {isa = PBXBuildFile; fileRef = EFF449B71C60F214006CA92E /* ViewController.swift */; };
		EFF449BB1C60F214006CA92E /* Main.storyboard in Resources */ = {isa = PBXBuildFile; fileRef = EFF449B91C60F214006CA92E /* Main.storyboard */; };
		EFF449BD1C60F214006CA92E /* Assets.xcassets in Resources */ = {isa = PBXBuildFile; fileRef = EFF449BC1C60F214006CA92E /* Assets.xcassets */; };
		EFF449C01C60F214006CA92E /* LaunchScreen.storyboard in Resources */ = {isa = PBXBuildFile; fileRef = EFF449BE1C60F214006CA92E /* LaunchScreen.storyboard */; };
		EFF449CB1C60F214006CA92E /* CalculatorTests.swift in Sources */ = {isa = PBXBuildFile; fileRef = EFF449CA1C60F214006CA92E /* CalculatorTests.swift */; };
		EFF449D61C60F214006CA92E /* CalculatorUITests.swift in Sources */ = {isa = PBXBuildFile; fileRef = EFF449D51C60F214006CA92E /* CalculatorUITests.swift */; };
/* End PBXBuildFile section */

/* Begin PBXContainerItemProxy section */
		EFF449C71C60F214006CA92E /* PBXContainerItemProxy */ = {
			isa = PBXContainerItemProxy;
			containerPortal = EFF449AA1C60F214006CA92E /* Project object */;
			proxyType = 1;
			remoteGlobalIDString = EFF449B11C60F214006CA92E;
			remoteInfo = Calculator;
		};
		EFF449D21C60F214006CA92E /* PBXContainerItemProxy */ = {
			isa = PBXContainerItemProxy;
			containerPortal = EFF449AA1C60F214006CA92E /* Project object */;
			proxyType = 1;
			remoteGlobalIDString = EFF449B11C60F214006CA92E;
			remoteInfo = Calculator;
		};
/* End PBXContainerItemProxy section */

/* Begin PBXFileReference section */
		EFF449B21C60F214006CA92E /* Calculator.app */ = {isa = PBXFileReference; explicitFileType = wrapper.application; includeInIndex = 0; path = Calculator.app; sourceTree = BUILT_PRODUCTS_DIR; };
		EFF449B51C60F214006CA92E /* AppDelegate.swift */ = {isa = PBXFileReference; lastKnownFileType = sourcecode.swift; path = AppDelegate.swift; sourceTree = "<group>"; };
		EFF449B71C60F214006CA92E /* ViewController.swift */ = {isa = PBXFileReference; lastKnownFileType = sourcecode.swift; path = ViewController.swift; sourceTree = "<group>"; };
		EFF449BA1C60F214006CA92E /* Base */ = {isa = PBXFileReference; lastKnownFileType = file.storyboard; name = Base; path = Base.lproj/Main.storyboard; sourceTree = "<group>"; };
		EFF449BC1C60F214006CA92E /* Assets.xcassets */ = {isa = PBXFileReference; lastKnownFileType = folder.assetcatalog; path = Assets.xcassets; sourceTree = "<group>"; };
		EFF449BF1C60F214006CA92E /* Base */ = {isa = PBXFileReference; lastKnownFileType = file.storyboard; name = Base; path = Base.lproj/LaunchScreen.storyboard; sourceTree = "<group>"; };
		EFF449C11C60F214006CA92E /* Info.plist */ = {isa = PBXFileReference; lastKnownFileType = text.plist.xml; path = Info.plist; sourceTree = "<group>"; };
		EFF449C61C60F214006CA92E /* CalculatorTests.xctest */ = {isa = PBXFileReference; explicitFileType = wrapper.cfbundle; includeInIndex = 0; path = CalculatorTests.xctest; sourceTree = BUILT_PRODUCTS_DIR; };
		EFF449CA1C60F214006CA92E /* CalculatorTests.swift */ = {isa = PBXFileReference; lastKnownFileType = sourcecode.swift; path = CalculatorTests.swift; sourceTree = "<group>"; };
		EFF449CC1C60F214006CA92E /* Info.plist */ = {isa = PBXFileReference; lastKnownFileType = text.plist.xml; path = Info.plist; sourceTree = "<group>"; };
		EFF449D11C60F214006CA92E /* CalculatorUITests.xctest */ = {isa = PBXFileReference; explicitFileType = wrapper.cfbundle; includeInIndex = 0; path = CalculatorUITests.xctest; sourceTree = BUILT_PRODUCTS_DIR; };
		EFF449D51C60F214006CA92E /* CalculatorUITests.swift */ = {isa = PBXFileReference; lastKnownFileType = sourcecode.swift; path = CalculatorUITests.swift; sourceTree = "<group>"; };
		EFF449D71C60F214006CA92E /* Info.plist */ = {isa = PBXFileReference; lastKnownFileType = text.plist.xml; path = Info.plist; sourceTree = "<group>"; };
/* End PBXFileReference section */

/* Begin PBXFrameworksBuildPhase section */
		EFF449AF1C60F214006CA92E /* Frameworks */ = {
			isa = PBXFrameworksBuildPhase;
			buildActionMask = 2147483647;
			files = (
			);
			runOnlyForDeploymentPostprocessing = 0;
		};
		EFF449C31C60F214006CA92E /* Frameworks */ = {
			isa = PBXFrameworksBuildPhase;
			buildActionMask = 2147483647;
			files = (
			);
			runOnlyForDeploymentPostprocessing = 0;
		};
		EFF449CE1C60F214006CA92E /* Frameworks */ = {
			isa = PBXFrameworksBuildPhase;
			buildActionMask = 2147483647;
			files = (
			);
			runOnlyForDeploymentPostprocessing = 0;
		};
/* End PBXFrameworksBuildPhase section */

/* Begin PBXGroup section */
		EFF449A91C60F214006CA92E = {
			isa = PBXGroup;
			children = (
				EFF449B41C60F214006CA92E /* Calculator */,
				EFF449C91C60F214006CA92E /* CalculatorTests */,
				EFF449D41C60F214006CA92E /* CalculatorUITests */,
				EFF449B31C60F214006CA92E /* Products */,
			);
			sourceTree = "<group>";
		};
		EFF449B31C60F214006CA92E /* Products */ = {
			isa = PBXGroup;
			children = (
				EFF449B21C60F214006CA92E /* Calculator.app */,
				EFF449C61C60F214006CA92E /* CalculatorTests.xctest */,
				EFF449D11C60F214006CA92E /* CalculatorUITests.xctest */,
			);
			name = Products;
			sourceTree = "<group>";
		};
		EFF449B41C60F214006CA92E /* Calculator */ = {
			isa = PBXGroup;
			children = (
				EFF449B51C60F214006CA92E /* AppDelegate.swift */,
				EFF449B71C60F214006CA92E /* ViewController.swift */,
				EFF449B91C60F214006CA92E /* Main.storyboard */,
				EFF449BC1C60F214006CA92E /* Assets.xcassets */,
				EFF449BE1C60F214006CA92E /* LaunchScreen.storyboard */,
				EFF449C11C60F214006CA92E /* Info.plist */,
			);
			path = Calculator;
			sourceTree = "<group>";
		};
		EFF449C91C60F214006CA92E /* CalculatorTests */ = {
			isa = PBXGroup;
			children = (
				EFF449CA1C60F214006CA92E /* CalculatorTests.swift */,
				EFF449CC1C60F214006CA92E /* Info.plist */,
			);
			path = CalculatorTests;
			sourceTree = "<group>";
		};
		EFF449D41C60F214006CA92E /* CalculatorUITests */ = {
			isa = PBXGroup;
			children = (
				EFF449D51C60F214006CA92E /* CalculatorUITests.swift */,
				EFF449D71C60F214006CA92E /* Info.plist */,
			);
			path = CalculatorUITests;
			sourceTree = "<group>";
		};
/* End PBXGroup section */

/* Begin PBXNativeTarget section */
		EFF449B11C60F214006CA92E /* Calculator */ = {
			isa = PBXNativeTarget;
			buildConfigurationList = EFF449DA1C60F214006CA92E /* Build configuration list for PBXNativeTarget "Calculator" */;
			buildPhases = (
				EFF449AE1C60F214006CA92E /* Sources */,
				EFF449AF1C60F214006CA92E /* Frameworks */,
				EFF449B01C60F214006CA92E /* Resources */,
			);
			buildRules = (
			);
			dependencies = (
			);
			name = Calculator;
			productName = Calculator;
			productReference = EFF449B21C60F214006CA92E /* Calculator.app */;
			productType = "com.apple.product-type.application";
		};
		EFF449C51C60F214006CA92E /* CalculatorTests */ = {
			isa = PBXNativeTarget;
			buildConfigurationList = EFF449DD1C60F214006CA92E /* Build configuration list for PBXNativeTarget "CalculatorTests" */;
			buildPhases = (
				EFF449C21C60F214006CA92E /* Sources */,
				EFF449C31C60F214006CA92E /* Frameworks */,
				EFF449C41C60F214006CA92E /* Resources */,
			);
			buildRules = (
			);
			dependencies = (
				EFF449C81C60F214006CA92E /* PBXTargetDependency */,
			);
			name = CalculatorTests;
			productName = CalculatorTests;
			productReference = EFF449C61C60F214006CA92E /* CalculatorTests.xctest */;
			productType = "com.apple.product-type.bundle.unit-test";
		};
		EFF449D01C60F214006CA92E /* CalculatorUITests */ = {
			isa = PBXNativeTarget;
			buildConfigurationList = EFF449E01C60F214006CA92E /* Build configuration list for PBXNativeTarget "CalculatorUITests" */;
			buildPhases = (
				EFF449CD1C60F214006CA92E /* Sources */,
				EFF449CE1C60F214006CA92E /* Frameworks */,
				EFF449CF1C60F214006CA92E /* Resources */,
			);
			buildRules = (
			);
			dependencies = (
				EFF449D31C60F214006CA92E /* PBXTargetDependency */,
			);
			name = CalculatorUITests;
			productName = CalculatorUITests;
			productReference = EFF449D11C60F214006CA92E /* CalculatorUITests.xctest */;
			productType = "com.apple.product-type.bundle.ui-testing";
		};
/* End PBXNativeTarget section */

/* Begin PBXProject section */
		EFF449AA1C60F214006CA92E /* Project object */ = {
			isa = PBXProject;
			attributes = {
				LastSwiftUpdateCheck = 0720;
				LastUpgradeCheck = 0720;
				ORGANIZATIONNAME = "Chidi Emeh";
				TargetAttributes = {
					EFF449B11C60F214006CA92E = {
						CreatedOnToolsVersion = 7.2;
						DevelopmentTeam = 8V82X98L5Q;
					};
					EFF449C51C60F214006CA92E = {
						CreatedOnToolsVersion = 7.2;
						DevelopmentTeam = 8V82X98L5Q;
						TestTargetID = EFF449B11C60F214006CA92E;
					};
					EFF449D01C60F214006CA92E = {
						CreatedOnToolsVersion = 7.2;
						DevelopmentTeam = 8V82X98L5Q;
						TestTargetID = EFF449B11C60F214006CA92E;
					};
				};
			};
			buildConfigurationList = EFF449AD1C60F214006CA92E /* Build configuration list for PBXProject "Calculator" */;
			compatibilityVersion = "Xcode 3.2";
			developmentRegion = English;
			hasScannedForEncodings = 0;
			knownRegions = (
				en,
				Base,
			);
			mainGroup = EFF449A91C60F214006CA92E;
			productRefGroup = EFF449B31C60F214006CA92E /* Products */;
			projectDirPath = "";
			projectRoot = "";
			targets = (
				EFF449B11C60F214006CA92E /* Calculator */,
				EFF449C51C60F214006CA92E /* CalculatorTests */,
				EFF449D01C60F214006CA92E /* CalculatorUITests */,
			);
		};
/* End PBXProject section */

/* Begin PBXResourcesBuildPhase section */
		EFF449B01C60F214006CA92E /* Resources */ = {
			isa = PBXResourcesBuildPhase;
			buildActionMask = 2147483647;
			files = (
				EFF449C01C60F214006CA92E /* LaunchScreen.storyboard in Resources */,
				EFF449BD1C60F214006CA92E /* Assets.xcassets in Resources */,
				EFF449BB1C60F214006CA92E /* Main.storyboard in Resources */,
			);
			runOnlyForDeploymentPostprocessing = 0;
		};
		EFF449C41C60F214006CA92E /* Resources */ = {
			isa = PBXResourcesBuildPhase;
			buildActionMask = 2147483647;
			files = (
			);
			runOnlyForDeploymentPostprocessing = 0;
		};
		EFF449CF1C60F214006CA92E /* Resources */ = {
			isa = PBXResourcesBuildPhase;
			buildActionMask = 2147483647;
			files = (
			);
			runOnlyForDeploymentPostprocessing = 0;
		};
/* End PBXResourcesBuildPhase section */

/* Begin PBXSourcesBuildPhase section */
		EFF449AE1C60F214006CA92E /* Sources */ = {
			isa = PBXSourcesBuildPhase;
			buildActionMask = 2147483647;
			files = (
				EFF449B81C60F214006CA92E /* ViewController.swift in Sources */,
				EFF449B61C60F214006CA92E /* AppDelegate.swift in Sources */,
			);
			runOnlyForDeploymentPostprocessing = 0;
		};
		EFF449C21C60F214006CA92E /* Sources */ = {
			isa = PBXSourcesBuildPhase;
			buildActionMask = 2147483647;
			files = (
				EFF449CB1C60F214006CA92E /* CalculatorTests.swift in Sources */,
			);
			runOnlyForDeploymentPostprocessing = 0;
		};
		EFF449CD1C60F214006CA92E /* Sources */ = {
			isa = PBXSourcesBuildPhase;
			buildActionMask = 2147483647;
			files = (
				EFF449D61C60F214006CA92E /* CalculatorUITests.swift in Sources */,
			);
			runOnlyForDeploymentPostprocessing = 0;
		};
/* End PBXSourcesBuildPhase section */

/* Begin PBXTargetDependency section */
		EFF449C81C60F214006CA92E /* PBXTargetDependency */ = {
			isa = PBXTargetDependency;
			target = EFF449B11C60F214006CA92E /* Calculator */;
			targetProxy = EFF449C71C60F214006CA92E /* PBXContainerItemProxy */;
		};
		EFF449D31C60F214006CA92E /* PBXTargetDependency */ = {
			isa = PBXTargetDependency;
			target = EFF449B11C60F214006CA92E /* Calculator */;
			targetProxy = EFF449D21C60F214006CA92E /* PBXContainerItemProxy */;
		};
/* End PBXTargetDependency section */

/* Begin PBXVariantGroup section */
		EFF449B91C60F214006CA92E /* Main.storyboard */ = {
			isa = PBXVariantGroup;
			children = (
				EFF449BA1C60F214006CA92E /* Base */,
			);
			name = Main.storyboard;
			sourceTree = "<group>";
		};
		EFF449BE1C60F214006CA92E /* LaunchScreen.storyboard */ = {
			isa = PBXVariantGroup;
			children = (
				EFF449BF1C60F214006CA92E /* Base */,
			);
			name = LaunchScreen.storyboard;
			sourceTree = "<group>";
		};
/* End PBXVariantGroup section */

/* Begin XCBuildConfiguration section */
		EFF449D81C60F214006CA92E /* Debug */ = {
			isa = XCBuildConfiguration;
			buildSettings = {
				ALWAYS_SEARCH_USER_PATHS = NO;
				CLANG_CXX_LANGUAGE_STANDARD = "gnu++0x";
				CLANG_CXX_LIBRARY = "libc++";
				CLANG_ENABLE_MODULES = YES;
				CLANG_ENABLE_OBJC_ARC = YES;
				CLANG_WARN_BOOL_CONVERSION = YES;
				CLANG_WARN_CONSTANT_CONVERSION = YES;
				CLANG_WARN_DIRECT_OBJC_ISA_USAGE = YES_ERROR;
				CLANG_WARN_EMPTY_BODY = YES;
				CLANG_WARN_ENUM_CONVERSION = YES;
				CLANG_WARN_INT_CONVERSION = YES;
				CLANG_WARN_OBJC_ROOT_CLASS = YES_ERROR;
				CLANG_WARN_UNREACHABLE_CODE = YES;
				CLANG_WARN__DUPLICATE_METHOD_MATCH = YES;
				"CODE_SIGN_IDENTITY[sdk=iphoneos*]" = "iPhone Developer";
				COPY_PHASE_STRIP = NO;
				DEBUG_INFORMATION_FORMAT = dwarf;
				ENABLE_STRICT_OBJC_MSGSEND = YES;
				ENABLE_TESTABILITY = YES;
				GCC_C_LANGUAGE_STANDARD = gnu99;
				GCC_DYNAMIC_NO_PIC = NO;
				GCC_NO_COMMON_BLOCKS = YES;
				GCC_OPTIMIZATION_LEVEL = 0;
				GCC_PREPROCESSOR_DEFINITIONS = (
					"DEBUG=1",
					"$(inherited)",
				);
				GCC_WARN_64_TO_32_BIT_CONVERSION = YES;
				GCC_WARN_ABOUT_RETURN_TYPE = YES_ERROR;
				GCC_WARN_UNDECLARED_SELECTOR = YES;
				GCC_WARN_UNINITIALIZED_AUTOS = YES_AGGRESSIVE;
				GCC_WARN_UNUSED_FUNCTION = YES;
				GCC_WARN_UNUSED_VARIABLE = YES;
				IPHONEOS_DEPLOYMENT_TARGET = 9.2;
				MTL_ENABLE_DEBUG_INFO = YES;
				ONLY_ACTIVE_ARCH = YES;
				SDKROOT = iphoneos;
				SWIFT_OPTIMIZATION_LEVEL = "-Onone";
			};
			name = Debug;
		};
		EFF449D91C60F214006CA92E /* Release */ = {
			isa = XCBuildConfiguration;
			buildSettings = {
				ALWAYS_SEARCH_USER_PATHS = NO;
				CLANG_CXX_LANGUAGE_STANDARD = "gnu++0x";
				CLANG_CXX_LIBRARY = "libc++";
				CLANG_ENABLE_MODULES = YES;
				CLANG_ENABLE_OBJC_ARC = YES;
				CLANG_WARN_BOOL_CONVERSION = YES;
				CLANG_WARN_CONSTANT_CONVERSION = YES;
				CLANG_WARN_DIRECT_OBJC_ISA_USAGE = YES_ERROR;
				CLANG_WARN_EMPTY_BODY = YES;
				CLANG_WARN_ENUM_CONVERSION = YES;
				CLANG_WARN_INT_CONVERSION = YES;
				CLANG_WARN_OBJC_ROOT_CLASS = YES_ERROR;
				CLANG_WARN_UNREACHABLE_CODE = YES;
				CLANG_WARN__DUPLICATE_METHOD_MATCH = YES;
				"CODE_SIGN_IDENTITY[sdk=iphoneos*]" = "iPhone Developer";
				COPY_PHASE_STRIP = NO;
				DEBUG_INFORMATION_FORMAT = "dwarf-with-dsym";
				ENABLE_NS_ASSERTIONS = NO;
				ENABLE_STRICT_OBJC_MSGSEND = YES;
				GCC_C_LANGUAGE_STANDARD = gnu99;
				GCC_NO_COMMON_BLOCKS = YES;
				GCC_WARN_64_TO_32_BIT_CONVERSION = YES;
				GCC_WARN_ABOUT_RETURN_TYPE = YES_ERROR;
				GCC_WARN_UNDECLARED_SELECTOR = YES;
				GCC_WARN_UNINITIALIZED_AUTOS = YES_AGGRESSIVE;
				GCC_WARN_UNUSED_FUNCTION = YES;
				GCC_WARN_UNUSED_VARIABLE = YES;
				IPHONEOS_DEPLOYMENT_TARGET = 9.2;
				MTL_ENABLE_DEBUG_INFO = NO;
				SDKROOT = iphoneos;
				VALIDATE_PRODUCT = YES;
			};
			name = Release;
		};
		EFF449DB1C60F214006CA92E /* Debug */ = {
			isa = XCBuildConfiguration;
			buildSettings = {
				ASSETCATALOG_COMPILER_APPICON_NAME = AppIcon;
				INFOPLIST_FILE = Calculator/Info.plist;
				LD_RUNPATH_SEARCH_PATHS = "$(inherited) @executable_path/Frameworks";
				PRODUCT_BUNDLE_IDENTIFIER = "com.gmail-184chidiemeh.Calculator";
				PRODUCT_NAME = "$(TARGET_NAME)";
			};
			name = Debug;
		};
		EFF449DC1C60F214006CA92E /* Release */ = {
			isa = XCBuildConfiguration;
			buildSettings = {
				ASSETCATALOG_COMPILER_APPICON_NAME = AppIcon;
				INFOPLIST_FILE = Calculator/Info.plist;
				LD_RUNPATH_SEARCH_PATHS = "$(inherited) @executable_path/Frameworks";
				PRODUCT_BUNDLE_IDENTIFIER = "com.gmail-184chidiemeh.Calculator";
				PRODUCT_NAME = "$(TARGET_NAME)";
			};
			name = Release;
		};
		EFF449DE1C60F214006CA92E /* Debug */ = {
			isa = XCBuildConfiguration;
			buildSettings = {
				BUNDLE_LOADER = "$(TEST_HOST)";
				INFOPLIST_FILE = CalculatorTests/Info.plist;
				LD_RUNPATH_SEARCH_PATHS = "$(inherited) @executable_path/Frameworks @loader_path/Frameworks";
				PRODUCT_BUNDLE_IDENTIFIER = "com.gmail-184chidiemeh.CalculatorTests";
				PRODUCT_NAME = "$(TARGET_NAME)";
				TEST_HOST = "$(BUILT_PRODUCTS_DIR)/Calculator.app/Calculator";
			};
			name = Debug;
		};
		EFF449DF1C60F214006CA92E /* Release */ = {
			isa = XCBuildConfiguration;
			buildSettings = {
				BUNDLE_LOADER = "$(TEST_HOST)";
				INFOPLIST_FILE = CalculatorTests/Info.plist;
				LD_RUNPATH_SEARCH_PATHS = "$(inherited) @executable_path/Frameworks @loader_path/Frameworks";
				PRODUCT_BUNDLE_IDENTIFIER = "com.gmail-184chidiemeh.CalculatorTests";
				PRODUCT_NAME = "$(TARGET_NAME)";
				TEST_HOST = "$(BUILT_PRODUCTS_DIR)/Calculator.app/Calculator";
			};
			name = Release;
		};
		EFF449E11C60F214006CA92E /* Debug */ = {
			isa = XCBuildConfiguration;
			buildSettings = {
				INFOPLIST_FILE = CalculatorUITests/Info.plist;
				LD_RUNPATH_SEARCH_PATHS = "$(inherited) @executable_path/Frameworks @loader_path/Frameworks";
				PRODUCT_BUNDLE_IDENTIFIER = "com.gmail-184chidiemeh.CalculatorUITests";
				PRODUCT_NAME = "$(TARGET_NAME)";
				TEST_TARGET_NAME = Calculator;
				USES_XCTRUNNER = YES;
			};
			name = Debug;
		};
		EFF449E21C60F214006CA92E /* Release */ = {
			isa = XCBuildConfiguration;
			buildSettings = {
				INFOPLIST_FILE = CalculatorUITests/Info.plist;
				LD_RUNPATH_SEARCH_PATHS = "$(inherited) @executable_path/Frameworks @loader_path/Frameworks";
				PRODUCT_BUNDLE_IDENTIFIER = "com.gmail-184chidiemeh.CalculatorUITests";
				PRODUCT_NAME = "$(TARGET_NAME)";
				TEST_TARGET_NAME = Calculator;
				USES_XCTRUNNER = YES;
			};
			name = Release;
		};
/* End XCBuildConfiguration section */

/* Begin XCConfigurationList section */
		EFF449AD1C60F214006CA92E /* Build configuration list for PBXProject "Calculator" */ = {
			isa = XCConfigurationList;
			buildConfigurations = (
				EFF449D81C60F214006CA92E /* Debug */,
				EFF449D91C60F214006CA92E /* Release */,
			);
			defaultConfigurationIsVisible = 0;
			defaultConfigurationName = Release;
		};
		EFF449DA1C60F214006CA92E /* Build configuration list for PBXNativeTarget "Calculator" */ = {
			isa = XCConfigurationList;
			buildConfigurations = (
				EFF449DB1C60F214006CA92E /* Debug */,
				EFF449DC1C60F214006CA92E /* Release */,
			);
			defaultConfigurationIsVisible = 0;
		};
		EFF449DD1C60F214006CA92E /* Build configuration list for PBXNativeTarget "CalculatorTests" */ = {
			isa = XCConfigurationList;
			buildConfigurations = (
				EFF449DE1C60F214006CA92E /* Debug */,
				EFF449DF1C60F214006CA92E /* Release */,
			);
			defaultConfigurationIsVisible = 0;
		};
		EFF449E01C60F214006CA92E /* Build configuration list for PBXNativeTarget "CalculatorUITests" */ = {
			isa = XCConfigurationList;
			buildConfigurations = (
				EFF449E11C60F214006CA92E /* Debug */,
				EFF449E21C60F214006CA92E /* Release */,
			);
			defaultConfigurationIsVisible = 0;
		};
/* End XCConfigurationList section */
	};
	rootObject = EFF449AA1C60F214006CA92E /* Project object */;
}
